
Microsoft Visual Studio Solution File, Format Version 12.00
Project("{FAE04EC0-301F-11D3-BF4B-00C04F79EFBC}") = "Core.Models", "Core.Models\Core.Models.csproj", "{364FD108-19A6-4B4E-8D7A-1A75FD035530}"
EndProject
Global
	GlobalSection(SolutionConfigurationPlatforms) = preSolution
		Debug|Any CPU = Debug|Any CPU
		Release|Any CPU = Release|Any CPU
	EndGlobalSection
	GlobalSection(ProjectConfigurationPlatforms) = postSolution
		{364FD108-19A6-4B4E-8D7A-1A75FD035530}.Debug|Any CPU.ActiveCfg = Debug|Any CPU
		{364FD108-19A6-4B4E-8D7A-1A75FD035530}.Debug|Any CPU.Build.0 = Debug|Any CPU
		{364FD108-19A6-4B4E-8D7A-1A75FD035530}.Release|Any CPU.ActiveCfg = Release|Any CPU
		{364FD108-19A6-4B4E-8D7A-1A75FD035530}.Release|Any CPU.Build.0 = Release|Any CPU
	EndGlobalSection
EndGlobal
